<Solution>
  <Project Path="CicloDoWhile/CicloDoWhile.csproj" Id="c2c02e5e-0b30-4e72-854b-55c651a2e922" />
  <Project Path="CicloFor/CicloFor.csproj" Id="5e865273-1a45-4d13-9fe7-ce29f27d240a" />
  <Project Path="Classes&amp;Objects/Classes.csproj" Id="b8991b29-4cc9-49aa-9b87-34d43864417a" />
  <Project Path="CommonsListMethods/CommonsListMethods.csproj" Id="937ad645-3834-4a9d-a64b-a69b297d8058" />
  <Project Path="ControlDeFlujo/ControlDeFlujoIf.csproj" />
  <Project Path="ControlDeFlujoSwitch/ControlDeFlujoSwitch.csproj" Id="76bcea73-0e0a-4aa6-b97f-3388edb03ca2" />
  <Project Path="DatabaseConnection/DatabaseConnection.csproj" Id="587f65b0-76f2-4a5b-9108-d15339192e45" />
  <Project Path="DataStructureArray/DataStructureArray.csproj" Id="463d91ff-5bee-40f1-a630-8d4aa99fb983" />
  <Project Path="DB/DB.csproj" Id="f4de4eb8-b66b-44a6-8a2b-5f75b3e4168e" />
  <Project Path="Exceptions/Exceptions.csproj" Id="b28740c7-48b3-4772-9822-a7be02bcd823" />
  <Project Path="ExceptionsCustom/ExceptionsCustom.csproj" Id="a3f7a168-2a74-4398-a8bd-e51ef958e7a4" />
  <Project Path="ForEach/ForEach.csproj" Id="cb8a849e-0db3-4d6a-ab46-ec193385141f" />
  <Project Path="Funciones/Funciones.csproj" />
  <Project Path="Herencia/Herencia.csproj" Id="80c477c8-bd79-44fa-91dd-1e06d25d14fa" />
  <Project Path="JsonFormat/JsonFormat.csproj" Id="a8be53f7-730d-4683-80f7-07fb9528c0b7" />
  <Project Path="LinQ/LinQ.csproj" Id="9fe8b4d4-bd4f-4232-84ab-0bd8f1047f9d" />
  <Project Path="LinqJoin/LinqJoin.csproj" Id="72225e7d-588e-448e-934f-472486390104" />
  <Project Path="Lists/Lists.csproj" Id="6f4b98cc-92c3-46f3-a95f-6261612d1a66" />
  <Project Path="ManejoDeCiclos/CicloWhile.csproj" Id="179c086d-9192-4866-b606-729c1974064e" />
  <Project Path="Overloading/Overloading.csproj" Id="381bc7d3-4c27-4aa4-80cc-38d257bb8f31" />
  <Project Path="Overriden/Overriden.csproj" Id="8ccb9d53-dc2d-44fb-a496-5010470e6280" />
  <Project Path="Propiedades/Propiedades.csproj" Id="cf80a0d8-5db3-42fd-89e6-d99c6a62cafb" />
  <Project Path="SaleSystemSample/SaleSystemSample.csproj" Id="de96d1d8-b1ea-4792-a27f-0a30e25a0dbb" />
  <Project Path="SerializationObjects/SerializationObjects.csproj" Id="956c5c36-cf28-4753-a43f-023be3e9c435" />
  <Project Path="Static/Static.csproj" Id="7cf87099-5d93-4a8b-8eff-3c0a45c42a0f" />
  <Project Path="TipoDeDatos/TipoDeDatos.csproj" />
  <Project Path="TiposAnonimos/TiposAnonimos.csproj" Id="405103cc-2999-45af-a832-3a77c232e57c" />
  <Project Path="Tuplas/Tuplas.csproj" Id="8d8c6a1e-d774-48c2-87c5-4868c06afe9c" />
</Solution>
